
Microsoft Visual Studio Solution File, Format Version 12.00
# Visual Studio 15
VisualStudioVersion = 15.0.26430.16
MinimumVisualStudioVersion = 10.0.40219.1
Project("{FAE04EC0-301F-11D3-BF4B-00C04F79EFBC}") = "CenterCollection", "CenterCollection.csproj", "{6FF19AE3-62FB-4126-8BC0-A437AE3CC31C}"
EndProject
Project("{FAE04EC0-301F-11D3-BF4B-00C04F79EFBC}") = "CenterCollection_Mobile.Android", "CenterCollection_Mobile\CenterCollection_Mobile.Android\CenterCollection_Mobile.Android.csproj", "{48C573D3-7ACB-4ED9-A06D-794656288F2D}"
EndProject
Project("{FAE04EC0-301F-11D3-BF4B-00C04F79EFBC}") = "CenterCollection_Mobile", "CenterCollection_Mobile\CenterCollection_Mobile\CenterCollection_Mobile.csproj", "{45541999-0696-471D-A8BD-DCDB3710FF3A}"
EndProject
Project("{FAE04EC0-301F-11D3-BF4B-00C04F79EFBC}") = "CenterCollection_Mobile.UWP", "CenterCollection_Mobile\CenterCollection_Mobile.UWP\CenterCollection_Mobile.UWP.csproj", "{02C07E26-47D5-4C27-BE9E-348E08A7F703}"
EndProject
Project("{FAE04EC0-301F-11D3-BF4B-00C04F79EFBC}") = "CenterCollection_Mobile.iOS", "CenterCollection_Mobile\CenterCollection_Mobile.iOS\CenterCollection_Mobile.iOS.csproj", "{07D7A00D-FFAE-4180-9CF7-DEAFE5421F9C}"
EndProject
Global
	GlobalSection(SolutionConfigurationPlatforms) = preSolution
		Ad-Hoc|Any CPU = Ad-Hoc|Any CPU
		Ad-Hoc|ARM = Ad-Hoc|ARM
		Ad-Hoc|iPhone = Ad-Hoc|iPhone
		Ad-Hoc|iPhoneSimulator = Ad-Hoc|iPhoneSimulator
		Ad-Hoc|x64 = Ad-Hoc|x64
		Ad-Hoc|x86 = Ad-Hoc|x86
		AppStore|Any CPU = AppStore|Any CPU
		AppStore|ARM = AppStore|ARM
		AppStore|iPhone = AppStore|iPhone
		AppStore|iPhoneSimulator = AppStore|iPhoneSimulator
		AppStore|x64 = AppStore|x64
		AppStore|x86 = AppStore|x86
		Debug|Any CPU = Debug|Any CPU
		Debug|ARM = Debug|ARM
		Debug|iPhone = Debug|iPhone
		Debug|iPhoneSimulator = Debug|iPhoneSimulator
		Debug|x64 = Debug|x64
		Debug|x86 = Debug|x86
		Release|Any CPU = Release|Any CPU
		Release|ARM = Release|ARM
		Release|iPhone = Release|iPhone
		Release|iPhoneSimulator = Release|iPhoneSimulator
		Release|x64 = Release|x64
		Release|x86 = Release|x86
	EndGlobalSection
	GlobalSection(ProjectConfigurationPlatforms) = postSolution
		{6FF19AE3-62FB-4126-8BC0-A437AE3CC31C}.Ad-Hoc|Any CPU.ActiveCfg = Release|Any CPU
		{6FF19AE3-62FB-4126-8BC0-A437AE3CC31C}.Ad-Hoc|Any CPU.Build.0 = Release|Any CPU
		{6FF19AE3-62FB-4126-8BC0-A437AE3CC31C}.Ad-Hoc|ARM.ActiveCfg = Release|Any CPU
		{6FF19AE3-62FB-4126-8BC0-A437AE3CC31C}.Ad-Hoc|ARM.Build.0 = Release|Any CPU
		{6FF19AE3-62FB-4126-8BC0-A437AE3CC31C}.Ad-Hoc|iPhone.ActiveCfg = Release|Any CPU
		{6FF19AE3-62FB-4126-8BC0-A437AE3CC31C}.Ad-Hoc|iPhone.Build.0 = Release|Any CPU
		{6FF19AE3-62FB-4126-8BC0-A437AE3CC31C}.Ad-Hoc|iPhoneSimulator.ActiveCfg = Release|Any CPU
		{6FF19AE3-62FB-4126-8BC0-A437AE3CC31C}.Ad-Hoc|iPhoneSimulator.Build.0 = Release|Any CPU
		{6FF19AE3-62FB-4126-8BC0-A437AE3CC31C}.Ad-Hoc|x64.ActiveCfg = Release|Any CPU
		{6FF19AE3-62FB-4126-8BC0-A437AE3CC31C}.Ad-Hoc|x64.Build.0 = Release|Any CPU
		{6FF19AE3-62FB-4126-8BC0-A437AE3CC31C}.Ad-Hoc|x86.ActiveCfg = Release|Any CPU
		{6FF19AE3-62FB-4126-8BC0-A437AE3CC31C}.Ad-Hoc|x86.Build.0 = Release|Any CPU
		{6FF19AE3-62FB-4126-8BC0-A437AE3CC31C}.AppStore|Any CPU.ActiveCfg = Release|Any CPU
		{6FF19AE3-62FB-4126-8BC0-A437AE3CC31C}.AppStore|Any CPU.Build.0 = Release|Any CPU
		{6FF19AE3-62FB-4126-8BC0-A437AE3CC31C}.AppStore|ARM.ActiveCfg = Release|Any CPU
		{6FF19AE3-62FB-4126-8BC0-A437AE3CC31C}.AppStore|ARM.Build.0 = Release|Any CPU
		{6FF19AE3-62FB-4126-8BC0-A437AE3CC31C}.AppStore|iPhone.ActiveCfg = Release|Any CPU
		{6FF19AE3-62FB-4126-8BC0-A437AE3CC31C}.AppStore|iPhone.Build.0 = Release|Any CPU
		{6FF19AE3-62FB-4126-8BC0-A437AE3CC31C}.AppStore|iPhoneSimulator.ActiveCfg = Release|Any CPU
		{6FF19AE3-62FB-4126-8BC0-A437AE3CC31C}.AppStore|iPhoneSimulator.Build.0 = Release|Any CPU
		{6FF19AE3-62FB-4126-8BC0-A437AE3CC31C}.AppStore|x64.ActiveCfg = Release|Any CPU
		{6FF19AE3-62FB-4126-8BC0-A437AE3CC31C}.AppStore|x64.Build.0 = Release|Any CPU
		{6FF19AE3-62FB-4126-8BC0-A437AE3CC31C}.AppStore|x86.ActiveCfg = Release|Any CPU
		{6FF19AE3-62FB-4126-8BC0-A437AE3CC31C}.AppStore|x86.Build.0 = Release|Any CPU
		{6FF19AE3-62FB-4126-8BC0-A437AE3CC31C}.Debug|Any CPU.ActiveCfg = Debug|Any CPU
		{6FF19AE3-62FB-4126-8BC0-A437AE3CC31C}.Debug|Any CPU.Build.0 = Debug|Any CPU
		{6FF19AE3-62FB-4126-8BC0-A437AE3CC31C}.Debug|ARM.ActiveCfg = Debug|Any CPU
		{6FF19AE3-62FB-4126-8BC0-A437AE3CC31C}.Debug|ARM.Build.0 = Debug|Any CPU
		{6FF19AE3-62FB-4126-8BC0-A437AE3CC31C}.Debug|iPhone.ActiveCfg = Debug|Any CPU
		{6FF19AE3-62FB-4126-8BC0-A437AE3CC31C}.Debug|iPhone.Build.0 = Debug|Any CPU
		{6FF19AE3-62FB-4126-8BC0-A437AE3CC31C}.Debug|iPhoneSimulator.ActiveCfg = Debug|Any CPU
		{6FF19AE3-62FB-4126-8BC0-A437AE3CC31C}.Debug|iPhoneSimulator.Build.0 = Debug|Any CPU
		{6FF19AE3-62FB-4126-8BC0-A437AE3CC31C}.Debug|x64.ActiveCfg = Debug|Any CPU
		{6FF19AE3-62FB-4126-8BC0-A437AE3CC31C}.Debug|x64.Build.0 = Debug|Any CPU
		{6FF19AE3-62FB-4126-8BC0-A437AE3CC31C}.Debug|x86.ActiveCfg = Debug|Any CPU
		{6FF19AE3-62FB-4126-8BC0-A437AE3CC31C}.Debug|x86.Build.0 = Debug|Any CPU
		{6FF19AE3-62FB-4126-8BC0-A437AE3CC31C}.Release|Any CPU.ActiveCfg = Release|Any CPU
		{6FF19AE3-62FB-4126-8BC0-A437AE3CC31C}.Release|Any CPU.Build.0 = Release|Any CPU
		{6FF19AE3-62FB-4126-8BC0-A437AE3CC31C}.Release|ARM.ActiveCfg = Release|Any CPU
		{6FF19AE3-62FB-4126-8BC0-A437AE3CC31C}.Release|ARM.Build.0 = Release|Any CPU
		{6FF19AE3-62FB-4126-8BC0-A437AE3CC31C}.Release|iPhone.ActiveCfg = Release|Any CPU
		{6FF19AE3-62FB-4126-8BC0-A437AE3CC31C}.Release|iPhone.Build.0 = Release|Any CPU
		{6FF19AE3-62FB-4126-8BC0-A437AE3CC31C}.Release|iPhoneSimulator.ActiveCfg = Release|Any CPU
		{6FF19AE3-62FB-4126-8BC0-A437AE3CC31C}.Release|iPhoneSimulator.Build.0 = Release|Any CPU
		{6FF19AE3-62FB-4126-8BC0-A437AE3CC31C}.Release|x64.ActiveCfg = Release|Any CPU
		{6FF19AE3-62FB-4126-8BC0-A437AE3CC31C}.Release|x64.Build.0 = Release|Any CPU
		{6FF19AE3-62FB-4126-8BC0-A437AE3CC31C}.Release|x86.ActiveCfg = Release|Any CPU
		{6FF19AE3-62FB-4126-8BC0-A437AE3CC31C}.Release|x86.Build.0 = Release|Any CPU
		{48C573D3-7ACB-4ED9-A06D-794656288F2D}.Ad-Hoc|Any CPU.ActiveCfg = Release|Any CPU
		{48C573D3-7ACB-4ED9-A06D-794656288F2D}.Ad-Hoc|Any CPU.Build.0 = Release|Any CPU
		{48C573D3-7ACB-4ED9-A06D-794656288F2D}.Ad-Hoc|Any CPU.Deploy.0 = Release|Any CPU
		{48C573D3-7ACB-4ED9-A06D-794656288F2D}.Ad-Hoc|ARM.ActiveCfg = Release|Any CPU
		{48C573D3-7ACB-4ED9-A06D-794656288F2D}.Ad-Hoc|ARM.Build.0 = Release|Any CPU
		{48C573D3-7ACB-4ED9-A06D-794656288F2D}.Ad-Hoc|ARM.Deploy.0 = Release|Any CPU
		{48C573D3-7ACB-4ED9-A06D-794656288F2D}.Ad-Hoc|iPhone.ActiveCfg = Release|Any CPU
		{48C573D3-7ACB-4ED9-A06D-794656288F2D}.Ad-Hoc|iPhone.Build.0 = Release|Any CPU
		{48C573D3-7ACB-4ED9-A06D-794656288F2D}.Ad-Hoc|iPhone.Deploy.0 = Release|Any CPU
		{48C573D3-7ACB-4ED9-A06D-794656288F2D}.Ad-Hoc|iPhoneSimulator.ActiveCfg = Release|Any CPU
		{48C573D3-7ACB-4ED9-A06D-794656288F2D}.Ad-Hoc|iPhoneSimulator.Build.0 = Release|Any CPU
		{48C573D3-7ACB-4ED9-A06D-794656288F2D}.Ad-Hoc|iPhoneSimulator.Deploy.0 = Release|Any CPU
		{48C573D3-7ACB-4ED9-A06D-794656288F2D}.Ad-Hoc|x64.ActiveCfg = Release|Any CPU
		{48C573D3-7ACB-4ED9-A06D-794656288F2D}.Ad-Hoc|x64.Build.0 = Release|Any CPU
		{48C573D3-7ACB-4ED9-A06D-794656288F2D}.Ad-Hoc|x64.Deploy.0 = Release|Any CPU
		{48C573D3-7ACB-4ED9-A06D-794656288F2D}.Ad-Hoc|x86.ActiveCfg = Release|Any CPU
		{48C573D3-7ACB-4ED9-A06D-794656288F2D}.Ad-Hoc|x86.Build.0 = Release|Any CPU
		{48C573D3-7ACB-4ED9-A06D-794656288F2D}.Ad-Hoc|x86.Deploy.0 = Release|Any CPU
		{48C573D3-7ACB-4ED9-A06D-794656288F2D}.AppStore|Any CPU.ActiveCfg = Release|Any CPU
		{48C573D3-7ACB-4ED9-A06D-794656288F2D}.AppStore|Any CPU.Build.0 = Release|Any CPU
		{48C573D3-7ACB-4ED9-A06D-794656288F2D}.AppStore|Any CPU.Deploy.0 = Release|Any CPU
		{48C573D3-7ACB-4ED9-A06D-794656288F2D}.AppStore|ARM.ActiveCfg = Release|Any CPU
		{48C573D3-7ACB-4ED9-A06D-794656288F2D}.AppStore|ARM.Build.0 = Release|Any CPU
		{48C573D3-7ACB-4ED9-A06D-794656288F2D}.AppStore|ARM.Deploy.0 = Release|Any CPU
		{48C573D3-7ACB-4ED9-A06D-794656288F2D}.AppStore|iPhone.ActiveCfg = Release|Any CPU
		{48C573D3-7ACB-4ED9-A06D-794656288F2D}.AppStore|iPhone.Build.0 = Release|Any CPU
		{48C573D3-7ACB-4ED9-A06D-794656288F2D}.AppStore|iPhone.Deploy.0 = Release|Any CPU
		{48C573D3-7ACB-4ED9-A06D-794656288F2D}.AppStore|iPhoneSimulator.ActiveCfg = Release|Any CPU
		{48C573D3-7ACB-4ED9-A06D-794656288F2D}.AppStore|iPhoneSimulator.Build.0 = Release|Any CPU
		{48C573D3-7ACB-4ED9-A06D-794656288F2D}.AppStore|iPhoneSimulator.Deploy.0 = Release|Any CPU
		{48C573D3-7ACB-4ED9-A06D-794656288F2D}.AppStore|x64.ActiveCfg = Release|Any CPU
		{48C573D3-7ACB-4ED9-A06D-794656288F2D}.AppStore|x64.Build.0 = Release|Any CPU
		{48C573D3-7ACB-4ED9-A06D-794656288F2D}.AppStore|x64.Deploy.0 = Release|Any CPU
		{48C573D3-7ACB-4ED9-A06D-794656288F2D}.AppStore|x86.ActiveCfg = Release|Any CPU
		{48C573D3-7ACB-4ED9-A06D-794656288F2D}.AppStore|x86.Build.0 = Release|Any CPU
		{48C573D3-7ACB-4ED9-A06D-794656288F2D}.AppStore|x86.Deploy.0 = Release|Any CPU
		{48C573D3-7ACB-4ED9-A06D-794656288F2D}.Debug|Any CPU.ActiveCfg = Debug|Any CPU
		{48C573D3-7ACB-4ED9-A06D-794656288F2D}.Debug|Any CPU.Build.0 = Debug|Any CPU
		{48C573D3-7ACB-4ED9-A06D-794656288F2D}.Debug|Any CPU.Deploy.0 = Debug|Any CPU
		{48C573D3-7ACB-4ED9-A06D-794656288F2D}.Debug|ARM.ActiveCfg = Debug|Any CPU
		{48C573D3-7ACB-4ED9-A06D-794656288F2D}.Debug|ARM.Build.0 = Debug|Any CPU
		{48C573D3-7ACB-4ED9-A06D-794656288F2D}.Debug|ARM.Deploy.0 = Debug|Any CPU
		{48C573D3-7ACB-4ED9-A06D-794656288F2D}.Debug|iPhone.ActiveCfg = Debug|Any CPU
		{48C573D3-7ACB-4ED9-A06D-794656288F2D}.Debug|iPhone.Build.0 = Debug|Any CPU
		{48C573D3-7ACB-4ED9-A06D-794656288F2D}.Debug|iPhone.Deploy.0 = Debug|Any CPU
		{48C573D3-7ACB-4ED9-A06D-794656288F2D}.Debug|iPhoneSimulator.ActiveCfg = Debug|Any CPU
		{48C573D3-7ACB-4ED9-A06D-794656288F2D}.Debug|iPhoneSimulator.Build.0 = Debug|Any CPU
		{48C573D3-7ACB-4ED9-A06D-794656288F2D}.Debug|iPhoneSimulator.Deploy.0 = Debug|Any CPU
		{48C573D3-7ACB-4ED9-A06D-794656288F2D}.Debug|x64.ActiveCfg = Debug|Any CPU
		{48C573D3-7ACB-4ED9-A06D-794656288F2D}.Debug|x64.Build.0 = Debug|Any CPU
		{48C573D3-7ACB-4ED9-A06D-794656288F2D}.Debug|x64.Deploy.0 = Debug|Any CPU
		{48C573D3-7ACB-4ED9-A06D-794656288F2D}.Debug|x86.ActiveCfg = Debug|Any CPU
		{48C573D3-7ACB-4ED9-A06D-794656288F2D}.Debug|x86.Build.0 = Debug|Any CPU
		{48C573D3-7ACB-4ED9-A06D-794656288F2D}.Debug|x86.Deploy.0 = Debug|Any CPU
		{48C573D3-7ACB-4ED9-A06D-794656288F2D}.Release|Any CPU.ActiveCfg = Release|Any CPU
		{48C573D3-7ACB-4ED9-A06D-794656288F2D}.Release|Any CPU.Build.0 = Release|Any CPU
		{48C573D3-7ACB-4ED9-A06D-794656288F2D}.Release|Any CPU.Deploy.0 = Release|Any CPU
		{48C573D3-7ACB-4ED9-A06D-794656288F2D}.Release|ARM.ActiveCfg = Release|Any CPU
		{48C573D3-7ACB-4ED9-A06D-794656288F2D}.Release|ARM.Build.0 = Release|Any CPU
		{48C573D3-7ACB-4ED9-A06D-794656288F2D}.Release|ARM.Deploy.0 = Release|Any CPU
		{48C573D3-7ACB-4ED9-A06D-794656288F2D}.Release|iPhone.ActiveCfg = Release|Any CPU
		{48C573D3-7ACB-4ED9-A06D-794656288F2D}.Release|iPhone.Build.0 = Release|Any CPU
		{48C573D3-7ACB-4ED9-A06D-794656288F2D}.Release|iPhone.Deploy.0 = Release|Any CPU
		{48C573D3-7ACB-4ED9-A06D-794656288F2D}.Release|iPhoneSimulator.ActiveCfg = Release|Any CPU
		{48C573D3-7ACB-4ED9-A06D-794656288F2D}.Release|iPhoneSimulator.Build.0 = Release|Any CPU
		{48C573D3-7ACB-4ED9-A06D-794656288F2D}.Release|iPhoneSimulator.Deploy.0 = Release|Any CPU
		{48C573D3-7ACB-4ED9-A06D-794656288F2D}.Release|x64.ActiveCfg = Release|Any CPU
		{48C573D3-7ACB-4ED9-A06D-794656288F2D}.Release|x64.Build.0 = Release|Any CPU
		{48C573D3-7ACB-4ED9-A06D-794656288F2D}.Release|x64.Deploy.0 = Release|Any CPU
		{48C573D3-7ACB-4ED9-A06D-794656288F2D}.Release|x86.ActiveCfg = Release|Any CPU
		{48C573D3-7ACB-4ED9-A06D-794656288F2D}.Release|x86.Build.0 = Release|Any CPU
		{48C573D3-7ACB-4ED9-A06D-794656288F2D}.Release|x86.Deploy.0 = Release|Any CPU
		{45541999-0696-471D-A8BD-DCDB3710FF3A}.Ad-Hoc|Any CPU.ActiveCfg = Release|Any CPU
		{45541999-0696-471D-A8BD-DCDB3710FF3A}.Ad-Hoc|Any CPU.Build.0 = Release|Any CPU
		{45541999-0696-471D-A8BD-DCDB3710FF3A}.Ad-Hoc|ARM.ActiveCfg = Release|Any CPU
		{45541999-0696-471D-A8BD-DCDB3710FF3A}.Ad-Hoc|ARM.Build.0 = Release|Any CPU
		{45541999-0696-471D-A8BD-DCDB3710FF3A}.Ad-Hoc|iPhone.ActiveCfg = Release|Any CPU
		{45541999-0696-471D-A8BD-DCDB3710FF3A}.Ad-Hoc|iPhone.Build.0 = Release|Any CPU
		{45541999-0696-471D-A8BD-DCDB3710FF3A}.Ad-Hoc|iPhoneSimulator.ActiveCfg = Release|Any CPU
		{45541999-0696-471D-A8BD-DCDB3710FF3A}.Ad-Hoc|iPhoneSimulator.Build.0 = Release|Any CPU
		{45541999-0696-471D-A8BD-DCDB3710FF3A}.Ad-Hoc|x64.ActiveCfg = Release|Any CPU
		{45541999-0696-471D-A8BD-DCDB3710FF3A}.Ad-Hoc|x64.Build.0 = Release|Any CPU
		{45541999-0696-471D-A8BD-DCDB3710FF3A}.Ad-Hoc|x86.ActiveCfg = Release|Any CPU
		{45541999-0696-471D-A8BD-DCDB3710FF3A}.Ad-Hoc|x86.Build.0 = Release|Any CPU
		{45541999-0696-471D-A8BD-DCDB3710FF3A}.AppStore|Any CPU.ActiveCfg = Release|Any CPU
		{45541999-0696-471D-A8BD-DCDB3710FF3A}.AppStore|Any CPU.Build.0 = Release|Any CPU
		{45541999-0696-471D-A8BD-DCDB3710FF3A}.AppStore|ARM.ActiveCfg = Release|Any CPU
		{45541999-0696-471D-A8BD-DCDB3710FF3A}.AppStore|ARM.Build.0 = Release|Any CPU
		{45541999-0696-471D-A8BD-DCDB3710FF3A}.AppStore|iPhone.ActiveCfg = Release|Any CPU
		{45541999-0696-471D-A8BD-DCDB3710FF3A}.AppStore|iPhone.Build.0 = Release|Any CPU
		{45541999-0696-471D-A8BD-DCDB3710FF3A}.AppStore|iPhoneSimulator.ActiveCfg = Release|Any CPU
		{45541999-0696-471D-A8BD-DCDB3710FF3A}.AppStore|iPhoneSimulator.Build.0 = Release|Any CPU
		{45541999-0696-471D-A8BD-DCDB3710FF3A}.AppStore|x64.ActiveCfg = Release|Any CPU
		{45541999-0696-471D-A8BD-DCDB3710FF3A}.AppStore|x64.Build.0 = Release|Any CPU
		{45541999-0696-471D-A8BD-DCDB3710FF3A}.AppStore|x86.ActiveCfg = Release|Any CPU
		{45541999-0696-471D-A8BD-DCDB3710FF3A}.AppStore|x86.Build.0 = Release|Any CPU
		{45541999-0696-471D-A8BD-DCDB3710FF3A}.Debug|Any CPU.ActiveCfg = Debug|Any CPU
		{45541999-0696-471D-A8BD-DCDB3710FF3A}.Debug|Any CPU.Build.0 = Debug|Any CPU
		{45541999-0696-471D-A8BD-DCDB3710FF3A}.Debug|ARM.ActiveCfg = Debug|Any CPU
		{45541999-0696-471D-A8BD-DCDB3710FF3A}.Debug|ARM.Build.0 = Debug|Any CPU
		{45541999-0696-471D-A8BD-DCDB3710FF3A}.Debug|iPhone.ActiveCfg = Debug|Any CPU
		{45541999-0696-471D-A8BD-DCDB3710FF3A}.Debug|iPhone.Build.0 = Debug|Any CPU
		{45541999-0696-471D-A8BD-DCDB3710FF3A}.Debug|iPhoneSimulator.ActiveCfg = Debug|Any CPU
		{45541999-0696-471D-A8BD-DCDB3710FF3A}.Debug|iPhoneSimulator.Build.0 = Debug|Any CPU
		{45541999-0696-471D-A8BD-DCDB3710FF3A}.Debug|x64.ActiveCfg = Debug|Any CPU
		{45541999-0696-471D-A8BD-DCDB3710FF3A}.Debug|x64.Build.0 = Debug|Any CPU
		{45541999-0696-471D-A8BD-DCDB3710FF3A}.Debug|x86.ActiveCfg = Debug|Any CPU
		{45541999-0696-471D-A8BD-DCDB3710FF3A}.Debug|x86.Build.0 = Debug|Any CPU
		{45541999-0696-471D-A8BD-DCDB3710FF3A}.Release|Any CPU.ActiveCfg = Release|Any CPU
		{45541999-0696-471D-A8BD-DCDB3710FF3A}.Release|Any CPU.Build.0 = Release|Any CPU
		{45541999-0696-471D-A8BD-DCDB3710FF3A}.Release|ARM.ActiveCfg = Release|Any CPU
		{45541999-0696-471D-A8BD-DCDB3710FF3A}.Release|ARM.Build.0 = Release|Any CPU
		{45541999-0696-471D-A8BD-DCDB3710FF3A}.Release|iPhone.ActiveCfg = Release|Any CPU
		{45541999-0696-471D-A8BD-DCDB3710FF3A}.Release|iPhone.Build.0 = Release|Any CPU
		{45541999-0696-471D-A8BD-DCDB3710FF3A}.Release|iPhoneSimulator.ActiveCfg = Release|Any CPU
		{45541999-0696-471D-A8BD-DCDB3710FF3A}.Release|iPhoneSimulator.Build.0 = Release|Any CPU
		{45541999-0696-471D-A8BD-DCDB3710FF3A}.Release|x64.ActiveCfg = Release|Any CPU
		{45541999-0696-471D-A8BD-DCDB3710FF3A}.Release|x64.Build.0 = Release|Any CPU
		{45541999-0696-471D-A8BD-DCDB3710FF3A}.Release|x86.ActiveCfg = Release|Any CPU
		{45541999-0696-471D-A8BD-DCDB3710FF3A}.Release|x86.Build.0 = Release|Any CPU
		{02C07E26-47D5-4C27-BE9E-348E08A7F703}.Ad-Hoc|Any CPU.ActiveCfg = Release|x86
		{02C07E26-47D5-4C27-BE9E-348E08A7F703}.Ad-Hoc|Any CPU.Build.0 = Release|x86
		{02C07E26-47D5-4C27-BE9E-348E08A7F703}.Ad-Hoc|Any CPU.Deploy.0 = Release|x86
		{02C07E26-47D5-4C27-BE9E-348E08A7F703}.Ad-Hoc|ARM.ActiveCfg = Release|ARM
		{02C07E26-47D5-4C27-BE9E-348E08A7F703}.Ad-Hoc|ARM.Build.0 = Release|ARM
		{02C07E26-47D5-4C27-BE9E-348E08A7F703}.Ad-Hoc|ARM.Deploy.0 = Release|ARM
		{02C07E26-47D5-4C27-BE9E-348E08A7F703}.Ad-Hoc|iPhone.ActiveCfg = Release|x86
		{02C07E26-47D5-4C27-BE9E-348E08A7F703}.Ad-Hoc|iPhone.Build.0 = Release|x86
		{02C07E26-47D5-4C27-BE9E-348E08A7F703}.Ad-Hoc|iPhone.Deploy.0 = Release|x86
		{02C07E26-47D5-4C27-BE9E-348E08A7F703}.Ad-Hoc|iPhoneSimulator.ActiveCfg = Release|x86
		{02C07E26-47D5-4C27-BE9E-348E08A7F703}.Ad-Hoc|iPhoneSimulator.Build.0 = Release|x86
		{02C07E26-47D5-4C27-BE9E-348E08A7F703}.Ad-Hoc|iPhoneSimulator.Deploy.0 = Release|x86
		{02C07E26-47D5-4C27-BE9E-348E08A7F703}.Ad-Hoc|x64.ActiveCfg = Release|x64
		{02C07E26-47D5-4C27-BE9E-348E08A7F703}.Ad-Hoc|x64.Build.0 = Release|x64
		{02C07E26-47D5-4C27-BE9E-348E08A7F703}.Ad-Hoc|x64.Deploy.0 = Release|x64
		{02C07E26-47D5-4C27-BE9E-348E08A7F703}.Ad-Hoc|x86.ActiveCfg = Release|x86
		{02C07E26-47D5-4C27-BE9E-348E08A7F703}.Ad-Hoc|x86.Build.0 = Release|x86
		{02C07E26-47D5-4C27-BE9E-348E08A7F703}.Ad-Hoc|x86.Deploy.0 = Release|x86
		{02C07E26-47D5-4C27-BE9E-348E08A7F703}.AppStore|Any CPU.ActiveCfg = Release|x86
		{02C07E26-47D5-4C27-BE9E-348E08A7F703}.AppStore|Any CPU.Build.0 = Release|x86
		{02C07E26-47D5-4C27-BE9E-348E08A7F703}.AppStore|Any CPU.Deploy.0 = Release|x86
		{02C07E26-47D5-4C27-BE9E-348E08A7F703}.AppStore|ARM.ActiveCfg = Release|ARM
		{02C07E26-47D5-4C27-BE9E-348E08A7F703}.AppStore|ARM.Build.0 = Release|ARM
		{02C07E26-47D5-4C27-BE9E-348E08A7F703}.AppStore|ARM.Deploy.0 = Release|ARM
		{02C07E26-47D5-4C27-BE9E-348E08A7F703}.AppStore|iPhone.ActiveCfg = Release|x86
		{02C07E26-47D5-4C27-BE9E-348E08A7F703}.AppStore|iPhone.Build.0 = Release|x86
		{02C07E26-47D5-4C27-BE9E-348E08A7F703}.AppStore|iPhone.Deploy.0 = Release|x86
		{02C07E26-47D5-4C27-BE9E-348E08A7F703}.AppStore|iPhoneSimulator.ActiveCfg = Release|x86
		{02C07E26-47D5-4C27-BE9E-348E08A7F703}.AppStore|iPhoneSimulator.Build.0 = Release|x86
		{02C07E26-47D5-4C27-BE9E-348E08A7F703}.AppStore|iPhoneSimulator.Deploy.0 = Release|x86
		{02C07E26-47D5-4C27-BE9E-348E08A7F703}.AppStore|x64.ActiveCfg = Release|x64
		{02C07E26-47D5-4C27-BE9E-348E08A7F703}.AppStore|x64.Build.0 = Release|x64
		{02C07E26-47D5-4C27-BE9E-348E08A7F703}.AppStore|x64.Deploy.0 = Release|x64
		{02C07E26-47D5-4C27-BE9E-348E08A7F703}.AppStore|x86.ActiveCfg = Release|x86
		{02C07E26-47D5-4C27-BE9E-348E08A7F703}.AppStore|x86.Build.0 = Release|x86
		{02C07E26-47D5-4C27-BE9E-348E08A7F703}.AppStore|x86.Deploy.0 = Release|x86
		{02C07E26-47D5-4C27-BE9E-348E08A7F703}.Debug|Any CPU.ActiveCfg = Debug|x86
		{02C07E26-47D5-4C27-BE9E-348E08A7F703}.Debug|ARM.ActiveCfg = Debug|ARM
		{02C07E26-47D5-4C27-BE9E-348E08A7F703}.Debug|ARM.Build.0 = Debug|ARM
		{02C07E26-47D5-4C27-BE9E-348E08A7F703}.Debug|ARM.Deploy.0 = Debug|ARM
		{02C07E26-47D5-4C27-BE9E-348E08A7F703}.Debug|iPhone.ActiveCfg = Debug|x86
		{02C07E26-47D5-4C27-BE9E-348E08A7F703}.Debug|iPhoneSimulator.ActiveCfg = Debug|x86
		{02C07E26-47D5-4C27-BE9E-348E08A7F703}.Debug|x64.ActiveCfg = Debug|x64
		{02C07E26-47D5-4C27-BE9E-348E08A7F703}.Debug|x64.Build.0 = Debug|x64
		{02C07E26-47D5-4C27-BE9E-348E08A7F703}.Debug|x64.Deploy.0 = Debug|x64
		{02C07E26-47D5-4C27-BE9E-348E08A7F703}.Debug|x86.ActiveCfg = Debug|x86
		{02C07E26-47D5-4C27-BE9E-348E08A7F703}.Debug|x86.Build.0 = Debug|x86
		{02C07E26-47D5-4C27-BE9E-348E08A7F703}.Debug|x86.Deploy.0 = Debug|x86
		{02C07E26-47D5-4C27-BE9E-348E08A7F703}.Release|Any CPU.ActiveCfg = Release|x86
		{02C07E26-47D5-4C27-BE9E-348E08A7F703}.Release|ARM.ActiveCfg = Release|ARM
		{02C07E26-47D5-4C27-BE9E-348E08A7F703}.Release|ARM.Build.0 = Release|ARM
		{02C07E26-47D5-4C27-BE9E-348E08A7F703}.Release|ARM.Deploy.0 = Release|ARM
		{02C07E26-47D5-4C27-BE9E-348E08A7F703}.Release|iPhone.ActiveCfg = Release|x86
		{02C07E26-47D5-4C27-BE9E-348E08A7F703}.Release|iPhoneSimulator.ActiveCfg = Release|x86
		{02C07E26-47D5-4C27-BE9E-348E08A7F703}.Release|x64.ActiveCfg = Release|x64
		{02C07E26-47D5-4C27-BE9E-348E08A7F703}.Release|x64.Build.0 = Release|x64
		{02C07E26-47D5-4C27-BE9E-348E08A7F703}.Release|x64.Deploy.0 = Release|x64
		{02C07E26-47D5-4C27-BE9E-348E08A7F703}.Release|x86.ActiveCfg = Release|x86
		{02C07E26-47D5-4C27-BE9E-348E08A7F703}.Release|x86.Build.0 = Release|x86
		{02C07E26-47D5-4C27-BE9E-348E08A7F703}.Release|x86.Deploy.0 = Release|x86
		{07D7A00D-FFAE-4180-9CF7-DEAFE5421F9C}.Ad-Hoc|Any CPU.ActiveCfg = Ad-Hoc|iPhone
		{07D7A00D-FFAE-4180-9CF7-DEAFE5421F9C}.Ad-Hoc|ARM.ActiveCfg = Ad-Hoc|iPhone
		{07D7A00D-FFAE-4180-9CF7-DEAFE5421F9C}.Ad-Hoc|iPhone.ActiveCfg = Ad-Hoc|iPhone
		{07D7A00D-FFAE-4180-9CF7-DEAFE5421F9C}.Ad-Hoc|iPhone.Build.0 = Ad-Hoc|iPhone
		{07D7A00D-FFAE-4180-9CF7-DEAFE5421F9C}.Ad-Hoc|iPhoneSimulator.ActiveCfg = Ad-Hoc|iPhoneSimulator
		{07D7A00D-FFAE-4180-9CF7-DEAFE5421F9C}.Ad-Hoc|iPhoneSimulator.Build.0 = Ad-Hoc|iPhoneSimulator
		{07D7A00D-FFAE-4180-9CF7-DEAFE5421F9C}.Ad-Hoc|x64.ActiveCfg = Ad-Hoc|iPhone
		{07D7A00D-FFAE-4180-9CF7-DEAFE5421F9C}.Ad-Hoc|x86.ActiveCfg = Ad-Hoc|iPhone
		{07D7A00D-FFAE-4180-9CF7-DEAFE5421F9C}.AppStore|Any CPU.ActiveCfg = AppStore|iPhone
		{07D7A00D-FFAE-4180-9CF7-DEAFE5421F9C}.AppStore|ARM.ActiveCfg = AppStore|iPhone
		{07D7A00D-FFAE-4180-9CF7-DEAFE5421F9C}.AppStore|iPhone.ActiveCfg = AppStore|iPhone
		{07D7A00D-FFAE-4180-9CF7-DEAFE5421F9C}.AppStore|iPhone.Build.0 = AppStore|iPhone
		{07D7A00D-FFAE-4180-9CF7-DEAFE5421F9C}.AppStore|iPhoneSimulator.ActiveCfg = AppStore|iPhoneSimulator
		{07D7A00D-FFAE-4180-9CF7-DEAFE5421F9C}.AppStore|iPhoneSimulator.Build.0 = AppStore|iPhoneSimulator
		{07D7A00D-FFAE-4180-9CF7-DEAFE5421F9C}.AppStore|x64.ActiveCfg = AppStore|iPhone
		{07D7A00D-FFAE-4180-9CF7-DEAFE5421F9C}.AppStore|x86.ActiveCfg = AppStore|iPhone
		{07D7A00D-FFAE-4180-9CF7-DEAFE5421F9C}.Debug|Any CPU.ActiveCfg = Debug|iPhone
		{07D7A00D-FFAE-4180-9CF7-DEAFE5421F9C}.Debug|ARM.ActiveCfg = Debug|iPhone
		{07D7A00D-FFAE-4180-9CF7-DEAFE5421F9C}.Debug|iPhone.ActiveCfg = Debug|iPhone
		{07D7A00D-FFAE-4180-9CF7-DEAFE5421F9C}.Debug|iPhone.Build.0 = Debug|iPhone
		{07D7A00D-FFAE-4180-9CF7-DEAFE5421F9C}.Debug|iPhoneSimulator.ActiveCfg = Debug|iPhoneSimulator
		{07D7A00D-FFAE-4180-9CF7-DEAFE5421F9C}.Debug|iPhoneSimulator.Build.0 = Debug|iPhoneSimulator
		{07D7A00D-FFAE-4180-9CF7-DEAFE5421F9C}.Debug|x64.ActiveCfg = Debug|iPhone
		{07D7A00D-FFAE-4180-9CF7-DEAFE5421F9C}.Debug|x86.ActiveCfg = Debug|iPhone
		{07D7A00D-FFAE-4180-9CF7-DEAFE5421F9C}.Release|Any CPU.ActiveCfg = Release|iPhone
		{07D7A00D-FFAE-4180-9CF7-DEAFE5421F9C}.Release|ARM.ActiveCfg = Release|iPhone
		{07D7A00D-FFAE-4180-9CF7-DEAFE5421F9C}.Release|iPhone.ActiveCfg = Release|iPhone
		{07D7A00D-FFAE-4180-9CF7-DEAFE5421F9C}.Release|iPhone.Build.0 = Release|iPhone
		{07D7A00D-FFAE-4180-9CF7-DEAFE5421F9C}.Release|iPhoneSimulator.ActiveCfg = Release|iPhoneSimulator
		{07D7A00D-FFAE-4180-9CF7-DEAFE5421F9C}.Release|iPhoneSimulator.Build.0 = Release|iPhoneSimulator
		{07D7A00D-FFAE-4180-9CF7-DEAFE5421F9C}.Release|x64.ActiveCfg = Release|iPhone
		{07D7A00D-FFAE-4180-9CF7-DEAFE5421F9C}.Release|x86.ActiveCfg = Release|iPhone
	EndGlobalSection
	GlobalSection(SolutionProperties) = preSolution
		HideSolutionNode = FALSE
	EndGlobalSection
EndGlobal
